
Microsoft Visual Studio Solution File, Format Version 12.00
# Visual Studio Version 17
VisualStudioVersion = 17.5.33414.496
MinimumVisualStudioVersion = 10.0.40219.1
Project("{FAE04EC0-301F-11D3-BF4B-00C04F79EFBC}") = "Software horarios laborales transporte", "Software horarios laborales transporte\Software horarios laborales transporte.csproj", "{ADE4588A-3DB5-49F9-95C0-A813709CEB6B}"
EndProject
Global
	GlobalSection(SolutionConfigurationPlatforms) = preSolution
		Debug|Any CPU = Debug|Any CPU
		Release|Any CPU = Release|Any CPU
	EndGlobalSection
	GlobalSection(ProjectConfigurationPlatforms) = postSolution
		{ADE4588A-3DB5-49F9-95C0-A813709CEB6B}.Debug|Any CPU.ActiveCfg = Debug|Any CPU
		{ADE4588A-3DB5-49F9-95C0-A813709CEB6B}.Debug|Any CPU.Build.0 = Debug|Any CPU
		{ADE4588A-3DB5-49F9-95C0-A813709CEB6B}.Release|Any CPU.ActiveCfg = Release|Any CPU
		{ADE4588A-3DB5-49F9-95C0-A813709CEB6B}.Release|Any CPU.Build.0 = Release|Any CPU
	EndGlobalSection
	GlobalSection(SolutionProperties) = preSolution
		HideSolutionNode = FALSE
	EndGlobalSection
	GlobalSection(ExtensibilityGlobals) = postSolution
		SolutionGuid = {6C234BDC-5002-4FAE-963B-AE241E99B052}
	EndGlobalSection
EndGlobal
